
Microsoft Visual Studio Solution File, Format Version 12.00
# Visual Studio Version 17
VisualStudioVersion = 17.13.35825.156
MinimumVisualStudioVersion = 10.0.40219.1
Project("{FAE04EC0-301F-11D3-BF4B-00C04F79EFBC}") = "MauiAppMinhascomprass", "MauiApp1\MauiAppMinhascomprass.csproj", "{A5A56B20-B2AA-474C-A62D-840798F4441C}"
EndProject
Global
	GlobalSection(SolutionConfigurationPlatforms) = preSolution
		Debug|Any CPU = Debug|Any CPU
		Release|Any CPU = Release|Any CPU
	EndGlobalSection
	GlobalSection(ProjectConfigurationPlatforms) = postSolution
		{A5A56B20-B2AA-474C-A62D-840798F4441C}.Debug|Any CPU.ActiveCfg = Debug|Any CPU
		{A5A56B20-B2AA-474C-A62D-840798F4441C}.Debug|Any CPU.Build.0 = Debug|Any CPU
		{A5A56B20-B2AA-474C-A62D-840798F4441C}.Debug|Any CPU.Deploy.0 = Debug|Any CPU
		{A5A56B20-B2AA-474C-A62D-840798F4441C}.Release|Any CPU.ActiveCfg = Release|Any CPU
		{A5A56B20-B2AA-474C-A62D-840798F4441C}.Release|Any CPU.Build.0 = Release|Any CPU
		{A5A56B20-B2AA-474C-A62D-840798F4441C}.Release|Any CPU.Deploy.0 = Release|Any CPU
	EndGlobalSection
	GlobalSection(SolutionProperties) = preSolution
		HideSolutionNode = FALSE
	EndGlobalSection
	GlobalSection(ExtensibilityGlobals) = postSolution
		SolutionGuid = {9810B994-EE1E-437F-A7D2-4458910818AA}
	EndGlobalSection
EndGlobal
